// !$*UTF8*$!
{
	archiveVersion = 1;
	classes = {
	};
	objectVersion = 50;
	objects = {

/* Begin PBXBuildFile section */
		8182899F25716BE800F82286 /* RealmSampleApp.swift in Sources */ = {isa = PBXBuildFile; fileRef = 8182899E25716BE800F82286 /* RealmSampleApp.swift */; };
		818289A125716BE800F82286 /* ContentView.swift in Sources */ = {isa = PBXBuildFile; fileRef = 818289A025716BE800F82286 /* ContentView.swift */; };
		818289A325716BEA00F82286 /* Assets.xcassets in Resources */ = {isa = PBXBuildFile; fileRef = 818289A225716BEA00F82286 /* Assets.xcassets */; };
		818289A625716BEA00F82286 /* Preview Assets.xcassets in Resources */ = {isa = PBXBuildFile; fileRef = 818289A525716BEA00F82286 /* Preview Assets.xcassets */; };
		818289B125716BEB00F82286 /* RealmSampleTests.swift in Sources */ = {isa = PBXBuildFile; fileRef = 818289B025716BEB00F82286 /* RealmSampleTests.swift */; };
		818289BC25716BEB00F82286 /* RealmSampleUITests.swift in Sources */ = {isa = PBXBuildFile; fileRef = 818289BB25716BEB00F82286 /* RealmSampleUITests.swift */; };
/* End PBXBuildFile section */

/* Begin PBXContainerItemProxy section */
		818289AD25716BEB00F82286 /* PBXContainerItemProxy */ = {
			isa = PBXContainerItemProxy;
			containerPortal = 8182899325716BE800F82286 /* Project object */;
			proxyType = 1;
			remoteGlobalIDString = 8182899A25716BE800F82286;
			remoteInfo = RealmSample;
		};
		818289B825716BEB00F82286 /* PBXContainerItemProxy */ = {
			isa = PBXContainerItemProxy;
			containerPortal = 8182899325716BE800F82286 /* Project object */;
			proxyType = 1;
			remoteGlobalIDString = 8182899A25716BE800F82286;
			remoteInfo = RealmSample;
		};
/* End PBXContainerItemProxy section */

/* Begin PBXFileReference section */
		8182899B25716BE800F82286 /* RealmSample.app */ = {isa = PBXFileReference; explicitFileType = wrapper.application; includeInIndex = 0; path = RealmSample.app; sourceTree = BUILT_PRODUCTS_DIR; };
		8182899E25716BE800F82286 /* RealmSampleApp.swift */ = {isa = PBXFileReference; lastKnownFileType = sourcecode.swift; path = RealmSampleApp.swift; sourceTree = "<group>"; };
		818289A025716BE800F82286 /* ContentView.swift */ = {isa = PBXFileReference; lastKnownFileType = sourcecode.swift; path = ContentView.swift; sourceTree = "<group>"; };
		818289A225716BEA00F82286 /* Assets.xcassets */ = {isa = PBXFileReference; lastKnownFileType = folder.assetcatalog; path = Assets.xcassets; sourceTree = "<group>"; };
		818289A525716BEA00F82286 /* Preview Assets.xcassets */ = {isa = PBXFileReference; lastKnownFileType = folder.assetcatalog; path = "Preview Assets.xcassets"; sourceTree = "<group>"; };
		818289A725716BEA00F82286 /* Info.plist */ = {isa = PBXFileReference; lastKnownFileType = text.plist.xml; path = Info.plist; sourceTree = "<group>"; };
		818289AC25716BEB00F82286 /* RealmSampleTests.xctest */ = {isa = PBXFileReference; explicitFileType = wrapper.cfbundle; includeInIndex = 0; path = RealmSampleTests.xctest; sourceTree = BUILT_PRODUCTS_DIR; };
		818289B025716BEB00F82286 /* RealmSampleTests.swift */ = {isa = PBXFileReference; lastKnownFileType = sourcecode.swift; path = RealmSampleTests.swift; sourceTree = "<group>"; };
		818289B225716BEB00F82286 /* Info.plist */ = {isa = PBXFileReference; lastKnownFileType = text.plist.xml; path = Info.plist; sourceTree = "<group>"; };
		818289B725716BEB00F82286 /* RealmSampleUITests.xctest */ = {isa = PBXFileReference; explicitFileType = wrapper.cfbundle; includeInIndex = 0; path = RealmSampleUITests.xctest; sourceTree = BUILT_PRODUCTS_DIR; };
		818289BB25716BEB00F82286 /* RealmSampleUITests.swift */ = {isa = PBXFileReference; lastKnownFileType = sourcecode.swift; path = RealmSampleUITests.swift; sourceTree = "<group>"; };
		818289BD25716BEB00F82286 /* Info.plist */ = {isa = PBXFileReference; lastKnownFileType = text.plist.xml; path = Info.plist; sourceTree = "<group>"; };
/* End PBXFileReference section */

/* Begin PBXFrameworksBuildPhase section */
		8182899825716BE800F82286 /* Frameworks */ = {
			isa = PBXFrameworksBuildPhase;
			buildActionMask = 2147483647;
			files = (
			);
			runOnlyForDeploymentPostprocessing = 0;
		};
		818289A925716BEB00F82286 /* Frameworks */ = {
			isa = PBXFrameworksBuildPhase;
			buildActionMask = 2147483647;
			files = (
			);
			runOnlyForDeploymentPostprocessing = 0;
		};
		818289B425716BEB00F82286 /* Frameworks */ = {
			isa = PBXFrameworksBuildPhase;
			buildActionMask = 2147483647;
			files = (
			);
			runOnlyForDeploymentPostprocessing = 0;
		};
/* End PBXFrameworksBuildPhase section */

/* Begin PBXGroup section */
		8182899225716BE800F82286 = {
			isa = PBXGroup;
			children = (
				8182899D25716BE800F82286 /* RealmSample */,
				818289AF25716BEB00F82286 /* RealmSampleTests */,
				818289BA25716BEB00F82286 /* RealmSampleUITests */,
				8182899C25716BE800F82286 /* Products */,
			);
			sourceTree = "<group>";
		};
		8182899C25716BE800F82286 /* Products */ = {
			isa = PBXGroup;
			children = (
				8182899B25716BE800F82286 /* RealmSample.app */,
				818289AC25716BEB00F82286 /* RealmSampleTests.xctest */,
				818289B725716BEB00F82286 /* RealmSampleUITests.xctest */,
			);
			name = Products;
			sourceTree = "<group>";
		};
		8182899D25716BE800F82286 /* RealmSample */ = {
			isa = PBXGroup;
			children = (
				8182899E25716BE800F82286 /* RealmSampleApp.swift */,
				818289A025716BE800F82286 /* ContentView.swift */,
				818289A225716BEA00F82286 /* Assets.xcassets */,
				818289A725716BEA00F82286 /* Info.plist */,
				818289A425716BEA00F82286 /* Preview Content */,
			);
			path = RealmSample;
			sourceTree = "<group>";
		};
		818289A425716BEA00F82286 /* Preview Content */ = {
			isa = PBXGroup;
			children = (
				818289A525716BEA00F82286 /* Preview Assets.xcassets */,
			);
			path = "Preview Content";
			sourceTree = "<group>";
		};
		818289AF25716BEB00F82286 /* RealmSampleTests */ = {
			isa = PBXGroup;
			children = (
				818289B025716BEB00F82286 /* RealmSampleTests.swift */,
				818289B225716BEB00F82286 /* Info.plist */,
			);
			path = RealmSampleTests;
			sourceTree = "<group>";
		};
		818289BA25716BEB00F82286 /* RealmSampleUITests */ = {
			isa = PBXGroup;
			children = (
				818289BB25716BEB00F82286 /* RealmSampleUITests.swift */,
				818289BD25716BEB00F82286 /* Info.plist */,
			);
			path = RealmSampleUITests;
			sourceTree = "<group>";
		};
/* End PBXGroup section */

/* Begin PBXNativeTarget section */
		8182899A25716BE800F82286 /* RealmSample */ = {
			isa = PBXNativeTarget;
			buildConfigurationList = 818289C025716BEB00F82286 /* Build configuration list for PBXNativeTarget "RealmSample" */;
			buildPhases = (
				8182899725716BE800F82286 /* Sources */,
				8182899825716BE800F82286 /* Frameworks */,
				8182899925716BE800F82286 /* Resources */,
			);
			buildRules = (
			);
			dependencies = (
			);
			name = RealmSample;
			productName = RealmSample;
			productReference = 8182899B25716BE800F82286 /* RealmSample.app */;
			productType = "com.apple.product-type.application";
		};
		818289AB25716BEB00F82286 /* RealmSampleTests */ = {
			isa = PBXNativeTarget;
			buildConfigurationList = 818289C325716BEB00F82286 /* Build configuration list for PBXNativeTarget "RealmSampleTests" */;
			buildPhases = (
				818289A825716BEB00F82286 /* Sources */,
				818289A925716BEB00F82286 /* Frameworks */,
				818289AA25716BEB00F82286 /* Resources */,
			);
			buildRules = (
			);
			dependencies = (
				818289AE25716BEB00F82286 /* PBXTargetDependency */,
			);
			name = RealmSampleTests;
			productName = RealmSampleTests;
			productReference = 818289AC25716BEB00F82286 /* RealmSampleTests.xctest */;
			productType = "com.apple.product-type.bundle.unit-test";
		};
		818289B625716BEB00F82286 /* RealmSampleUITests */ = {
			isa = PBXNativeTarget;
			buildConfigurationList = 818289C625716BEB00F82286 /* Build configuration list for PBXNativeTarget "RealmSampleUITests" */;
			buildPhases = (
				818289B325716BEB00F82286 /* Sources */,
				818289B425716BEB00F82286 /* Frameworks */,
				818289B525716BEB00F82286 /* Resources */,
			);
			buildRules = (
			);
			dependencies = (
				818289B925716BEB00F82286 /* PBXTargetDependency */,
			);
			name = RealmSampleUITests;
			productName = RealmSampleUITests;
			productReference = 818289B725716BEB00F82286 /* RealmSampleUITests.xctest */;
			productType = "com.apple.product-type.bundle.ui-testing";
		};
/* End PBXNativeTarget section */

/* Begin PBXProject section */
		8182899325716BE800F82286 /* Project object */ = {
			isa = PBXProject;
			attributes = {
				LastSwiftUpdateCheck = 1210;
				LastUpgradeCheck = 1210;
				TargetAttributes = {
					8182899A25716BE800F82286 = {
						CreatedOnToolsVersion = 12.1;
					};
					818289AB25716BEB00F82286 = {
						CreatedOnToolsVersion = 12.1;
						TestTargetID = 8182899A25716BE800F82286;
					};
					818289B625716BEB00F82286 = {
						CreatedOnToolsVersion = 12.1;
						TestTargetID = 8182899A25716BE800F82286;
					};
				};
			};
			buildConfigurationList = 8182899625716BE800F82286 /* Build configuration list for PBXProject "RealmSample" */;
			compatibilityVersion = "Xcode 9.3";
			developmentRegion = en;
			hasScannedForEncodings = 0;
			knownRegions = (
				en,
				Base,
			);
			mainGroup = 8182899225716BE800F82286;
			productRefGroup = 8182899C25716BE800F82286 /* Products */;
			projectDirPath = "";
			projectRoot = "";
			targets = (
				8182899A25716BE800F82286 /* RealmSample */,
				818289AB25716BEB00F82286 /* RealmSampleTests */,
				818289B625716BEB00F82286 /* RealmSampleUITests */,
			);
		};
/* End PBXProject section */

/* Begin PBXResourcesBuildPhase section */
		8182899925716BE800F82286 /* Resources */ = {
			isa = PBXResourcesBuildPhase;
			buildActionMask = 2147483647;
			files = (
				818289A625716BEA00F82286 /* Preview Assets.xcassets in Resources */,
				818289A325716BEA00F82286 /* Assets.xcassets in Resources */,
			);
			runOnlyForDeploymentPostprocessing = 0;
		};
		818289AA25716BEB00F82286 /* Resources */ = {
			isa = PBXResourcesBuildPhase;
			buildActionMask = 2147483647;
			files = (
			);
			runOnlyForDeploymentPostprocessing = 0;
		};
		818289B525716BEB00F82286 /* Resources */ = {
			isa = PBXResourcesBuildPhase;
			buildActionMask = 2147483647;
			files = (
			);
			runOnlyForDeploymentPostprocessing = 0;
		};
/* End PBXResourcesBuildPhase section */

/* Begin PBXSourcesBuildPhase section */
		8182899725716BE800F82286 /* Sources */ = {
			isa = PBXSourcesBuildPhase;
			buildActionMask = 2147483647;
			files = (
				818289A125716BE800F82286 /* ContentView.swift in Sources */,
				8182899F25716BE800F82286 /* RealmSampleApp.swift in Sources */,
			);
			runOnlyForDeploymentPostprocessing = 0;
		};
		818289A825716BEB00F82286 /* Sources */ = {
			isa = PBXSourcesBuildPhase;
			buildActionMask = 2147483647;
			files = (
				818289B125716BEB00F82286 /* RealmSampleTests.swift in Sources */,
			);
			runOnlyForDeploymentPostprocessing = 0;
		};
		818289B325716BEB00F82286 /* Sources */ = {
			isa = PBXSourcesBuildPhase;
			buildActionMask = 2147483647;
			files = (
				818289BC25716BEB00F82286 /* RealmSampleUITests.swift in Sources */,
			);
			runOnlyForDeploymentPostprocessing = 0;
		};
/* End PBXSourcesBuildPhase section */

/* Begin PBXTargetDependency section */
		818289AE25716BEB00F82286 /* PBXTargetDependency */ = {
			isa = PBXTargetDependency;
			target = 8182899A25716BE800F82286 /* RealmSample */;
			targetProxy = 818289AD25716BEB00F82286 /* PBXContainerItemProxy */;
		};
		818289B925716BEB00F82286 /* PBXTargetDependency */ = {
			isa = PBXTargetDependency;
			target = 8182899A25716BE800F82286 /* RealmSample */;
			targetProxy = 818289B825716BEB00F82286 /* PBXContainerItemProxy */;
		};
/* End PBXTargetDependency section */

/* Begin XCBuildConfiguration section */
		818289BE25716BEB00F82286 /* Debug */ = {
			isa = XCBuildConfiguration;
			buildSettings = {
				ALWAYS_SEARCH_USER_PATHS = NO;
				CLANG_ANALYZER_NONNULL = YES;
				CLANG_ANALYZER_NUMBER_OBJECT_CONVERSION = YES_AGGRESSIVE;
				CLANG_CXX_LANGUAGE_STANDARD = "gnu++14";
				CLANG_CXX_LIBRARY = "libc++";
				CLANG_ENABLE_MODULES = YES;
				CLANG_ENABLE_OBJC_ARC = YES;
				CLANG_ENABLE_OBJC_WEAK = YES;
				CLANG_WARN_BLOCK_CAPTURE_AUTORELEASING = YES;
				CLANG_WARN_BOOL_CONVERSION = YES;
				CLANG_WARN_COMMA = YES;
				CLANG_WARN_CONSTANT_CONVERSION = YES;
				CLANG_WARN_DEPRECATED_OBJC_IMPLEMENTATIONS = YES;
				CLANG_WARN_DIRECT_OBJC_ISA_USAGE = YES_ERROR;
				CLANG_WARN_DOCUMENTATION_COMMENTS = YES;
				CLANG_WARN_EMPTY_BODY = YES;
				CLANG_WARN_ENUM_CONVERSION = YES;
				CLANG_WARN_INFINITE_RECURSION = YES;
				CLANG_WARN_INT_CONVERSION = YES;
				CLANG_WARN_NON_LITERAL_NULL_CONVERSION = YES;
				CLANG_WARN_OBJC_IMPLICIT_RETAIN_SELF = YES;
				CLANG_WARN_OBJC_LITERAL_CONVERSION = YES;
				CLANG_WARN_OBJC_ROOT_CLASS = YES_ERROR;
				CLANG_WARN_QUOTED_INCLUDE_IN_FRAMEWORK_HEADER = YES;
				CLANG_WARN_RANGE_LOOP_ANALYSIS = YES;
				CLANG_WARN_STRICT_PROTOTYPES = YES;
				CLANG_WARN_SUSPICIOUS_MOVE = YES;
				CLANG_WARN_UNGUARDED_AVAILABILITY = YES_AGGRESSIVE;
				CLANG_WARN_UNREACHABLE_CODE = YES;
				CLANG_WARN__DUPLICATE_METHOD_MATCH = YES;
				COPY_PHASE_STRIP = NO;
				DEBUG_INFORMATION_FORMAT = dwarf;
				ENABLE_STRICT_OBJC_MSGSEND = YES;
				ENABLE_TESTABILITY = YES;
				GCC_C_LANGUAGE_STANDARD = gnu11;
				GCC_DYNAMIC_NO_PIC = NO;
				GCC_NO_COMMON_BLOCKS = YES;
				GCC_OPTIMIZATION_LEVEL = 0;
				GCC_PREPROCESSOR_DEFINITIONS = (
					"DEBUG=1",
					"$(inherited)",
				);
				GCC_WARN_64_TO_32_BIT_CONVERSION = YES;
				GCC_WARN_ABOUT_RETURN_TYPE = YES_ERROR;
				GCC_WARN_UNDECLARED_SELECTOR = YES;
				GCC_WARN_UNINITIALIZED_AUTOS = YES_AGGRESSIVE;
				GCC_WARN_UNUSED_FUNCTION = YES;
				GCC_WARN_UNUSED_VARIABLE = YES;
				IPHONEOS_DEPLOYMENT_TARGET = 14.1;
				MTL_ENABLE_DEBUG_INFO = INCLUDE_SOURCE;
				MTL_FAST_MATH = YES;
				ONLY_ACTIVE_ARCH = YES;
				SDKROOT = iphoneos;
				SWIFT_ACTIVE_COMPILATION_CONDITIONS = DEBUG;
				SWIFT_OPTIMIZATION_LEVEL = "-Onone";
			};
			name = Debug;
		};
		818289BF25716BEB00F82286 /* Release */ = {
			isa = XCBuildConfiguration;
			buildSettings = {
				ALWAYS_SEARCH_USER_PATHS = NO;
				CLANG_ANALYZER_NONNULL = YES;
				CLANG_ANALYZER_NUMBER_OBJECT_CONVERSION = YES_AGGRESSIVE;
				CLANG_CXX_LANGUAGE_STANDARD = "gnu++14";
				CLANG_CXX_LIBRARY = "libc++";
				CLANG_ENABLE_MODULES = YES;
				CLANG_ENABLE_OBJC_ARC = YES;
				CLANG_ENABLE_OBJC_WEAK = YES;
				CLANG_WARN_BLOCK_CAPTURE_AUTORELEASING = YES;
				CLANG_WARN_BOOL_CONVERSION = YES;
				CLANG_WARN_COMMA = YES;
				CLANG_WARN_CONSTANT_CONVERSION = YES;
				CLANG_WARN_DEPRECATED_OBJC_IMPLEMENTATIONS = YES;
				CLANG_WARN_DIRECT_OBJC_ISA_USAGE = YES_ERROR;
				CLANG_WARN_DOCUMENTATION_COMMENTS = YES;
				CLANG_WARN_EMPTY_BODY = YES;
				CLANG_WARN_ENUM_CONVERSION = YES;
				CLANG_WARN_INFINITE_RECURSION = YES;
				CLANG_WARN_INT_CONVERSION = YES;
				CLANG_WARN_NON_LITERAL_NULL_CONVERSION = YES;
				CLANG_WARN_OBJC_IMPLICIT_RETAIN_SELF = YES;
				CLANG_WARN_OBJC_LITERAL_CONVERSION = YES;
				CLANG_WARN_OBJC_ROOT_CLASS = YES_ERROR;
				CLANG_WARN_QUOTED_INCLUDE_IN_FRAMEWORK_HEADER = YES;
				CLANG_WARN_RANGE_LOOP_ANALYSIS = YES;
				CLANG_WARN_STRICT_PROTOTYPES = YES;
				CLANG_WARN_SUSPICIOUS_MOVE = YES;
				CLANG_WARN_UNGUARDED_AVAILABILITY = YES_AGGRESSIVE;
				CLANG_WARN_UNREACHABLE_CODE = YES;
				CLANG_WARN__DUPLICATE_METHOD_MATCH = YES;
				COPY_PHASE_STRIP = NO;
				DEBUG_INFORMATION_FORMAT = "dwarf-with-dsym";
				ENABLE_NS_ASSERTIONS = NO;
				ENABLE_STRICT_OBJC_MSGSEND = YES;
				GCC_C_LANGUAGE_STANDARD = gnu11;
				GCC_NO_COMMON_BLOCKS = YES;
				GCC_WARN_64_TO_32_BIT_CONVERSION = YES;
				GCC_WARN_ABOUT_RETURN_TYPE = YES_ERROR;
				GCC_WARN_UNDECLARED_SELECTOR = YES;
				GCC_WARN_UNINITIALIZED_AUTOS = YES_AGGRESSIVE;
				GCC_WARN_UNUSED_FUNCTION = YES;
				GCC_WARN_UNUSED_VARIABLE = YES;
				IPHONEOS_DEPLOYMENT_TARGET = 14.1;
				MTL_ENABLE_DEBUG_INFO = NO;
				MTL_FAST_MATH = YES;
				SDKROOT = iphoneos;
				SWIFT_COMPILATION_MODE = wholemodule;
				SWIFT_OPTIMIZATION_LEVEL = "-O";
				VALIDATE_PRODUCT = YES;
			};
			name = Release;
		};
		818289C125716BEB00F82286 /* Debug */ = {
			isa = XCBuildConfiguration;
			buildSettings = {
				ASSETCATALOG_COMPILER_APPICON_NAME = AppIcon;
				ASSETCATALOG_COMPILER_GLOBAL_ACCENT_COLOR_NAME = AccentColor;
				CODE_SIGN_STYLE = Automatic;
				DEVELOPMENT_ASSET_PATHS = "\"RealmSample/Preview Content\"";
				DEVELOPMENT_TEAM = 4DXBBH3C8S;
				ENABLE_PREVIEWS = YES;
				INFOPLIST_FILE = RealmSample/Info.plist;
				IPHONEOS_DEPLOYMENT_TARGET = 14.0;
				LD_RUNPATH_SEARCH_PATHS = (
					"$(inherited)",
					"@executable_path/Frameworks",
				);
				PRODUCT_BUNDLE_IDENTIFIER = com.realmsample.RealmSample;
				PRODUCT_NAME = "$(TARGET_NAME)";
				SWIFT_VERSION = 5.0;
				TARGETED_DEVICE_FAMILY = "1,2";
			};
			name = Debug;
		};
		818289C225716BEB00F82286 /* Release */ = {
			isa = XCBuildConfiguration;
			buildSettings = {
				ASSETCATALOG_COMPILER_APPICON_NAME = AppIcon;
				ASSETCATALOG_COMPILER_GLOBAL_ACCENT_COLOR_NAME = AccentColor;
				CODE_SIGN_STYLE = Automatic;
				DEVELOPMENT_ASSET_PATHS = "\"RealmSample/Preview Content\"";
				DEVELOPMENT_TEAM = 4DXBBH3C8S;
				ENABLE_PREVIEWS = YES;
				INFOPLIST_FILE = RealmSample/Info.plist;
				IPHONEOS_DEPLOYMENT_TARGET = 14.0;
				LD_RUNPATH_SEARCH_PATHS = (
					"$(inherited)",
					"@executable_path/Frameworks",
				);
				PRODUCT_BUNDLE_IDENTIFIER = com.realmsample.RealmSample;
				PRODUCT_NAME = "$(TARGET_NAME)";
				SWIFT_VERSION = 5.0;
				TARGETED_DEVICE_FAMILY = "1,2";
			};
			name = Release;
		};
		818289C425716BEB00F82286 /* Debug */ = {
			isa = XCBuildConfiguration;
			buildSettings = {
				ALWAYS_EMBED_SWIFT_STANDARD_LIBRARIES = YES;
				BUNDLE_LOADER = "$(TEST_HOST)";
				CODE_SIGN_STYLE = Automatic;
				DEVELOPMENT_TEAM = 4DXBBH3C8S;
				INFOPLIST_FILE = RealmSampleTests/Info.plist;
				IPHONEOS_DEPLOYMENT_TARGET = 14.0;
				LD_RUNPATH_SEARCH_PATHS = (
					"$(inherited)",
					"@executable_path/Frameworks",
					"@loader_path/Frameworks",
				);
				PRODUCT_BUNDLE_IDENTIFIER = com.realmsample.RealmSampleTests;
				PRODUCT_NAME = "$(TARGET_NAME)";
				SWIFT_VERSION = 5.0;
				TARGETED_DEVICE_FAMILY = "1,2";
				TEST_HOST = "$(BUILT_PRODUCTS_DIR)/RealmSample.app/RealmSample";
			};
			name = Debug;
		};
		818289C525716BEB00F82286 /* Release */ = {
			isa = XCBuildConfiguration;
			buildSettings = {
				ALWAYS_EMBED_SWIFT_STANDARD_LIBRARIES = YES;
				BUNDLE_LOADER = "$(TEST_HOST)";
				CODE_SIGN_STYLE = Automatic;
				DEVELOPMENT_TEAM = 4DXBBH3C8S;
				INFOPLIST_FILE = RealmSampleTests/Info.plist;
				IPHONEOS_DEPLOYMENT_TARGET = 14.0;
				LD_RUNPATH_SEARCH_PATHS = (
					"$(inherited)",
					"@executable_path/Frameworks",
					"@loader_path/Frameworks",
				);
				PRODUCT_BUNDLE_IDENTIFIER = com.realmsample.RealmSampleTests;
				PRODUCT_NAME = "$(TARGET_NAME)";
				SWIFT_VERSION = 5.0;
				TARGETED_DEVICE_FAMILY = "1,2";
				TEST_HOST = "$(BUILT_PRODUCTS_DIR)/RealmSample.app/RealmSample";
			};
			name = Release;
		};
		818289C725716BEB00F82286 /* Debug */ = {
			isa = XCBuildConfiguration;
			buildSettings = {
				ALWAYS_EMBED_SWIFT_STANDARD_LIBRARIES = YES;
				CODE_SIGN_STYLE = Automatic;
				DEVELOPMENT_TEAM = 4DXBBH3C8S;
				INFOPLIST_FILE = RealmSampleUITests/Info.plist;
				LD_RUNPATH_SEARCH_PATHS = (
					"$(inherited)",
					"@executable_path/Frameworks",
					"@loader_path/Frameworks",
				);
				PRODUCT_BUNDLE_IDENTIFIER = com.realmsample.RealmSampleUITests;
				PRODUCT_NAME = "$(TARGET_NAME)";
				SWIFT_VERSION = 5.0;
				TARGETED_DEVICE_FAMILY = "1,2";
				TEST_TARGET_NAME = RealmSample;
			};
			name = Debug;
		};
		818289C825716BEB00F82286 /* Release */ = {
			isa = XCBuildConfiguration;
			buildSettings = {
				ALWAYS_EMBED_SWIFT_STANDARD_LIBRARIES = YES;
				CODE_SIGN_STYLE = Automatic;
				DEVELOPMENT_TEAM = 4DXBBH3C8S;
				INFOPLIST_FILE = RealmSampleUITests/Info.plist;
				LD_RUNPATH_SEARCH_PATHS = (
					"$(inherited)",
					"@executable_path/Frameworks",
					"@loader_path/Frameworks",
				);
				PRODUCT_BUNDLE_IDENTIFIER = com.realmsample.RealmSampleUITests;
				PRODUCT_NAME = "$(TARGET_NAME)";
				SWIFT_VERSION = 5.0;
				TARGETED_DEVICE_FAMILY = "1,2";
				TEST_TARGET_NAME = RealmSample;
			};
			name = Release;
		};
/* End XCBuildConfiguration section */

/* Begin XCConfigurationList section */
		8182899625716BE800F82286 /* Build configuration list for PBXProject "RealmSample" */ = {
			isa = XCConfigurationList;
			buildConfigurations = (
				818289BE25716BEB00F82286 /* Debug */,
				818289BF25716BEB00F82286 /* Release */,
			);
			defaultConfigurationIsVisible = 0;
			defaultConfigurationName = Release;
		};
		818289C025716BEB00F82286 /* Build configuration list for PBXNativeTarget "RealmSample" */ = {
			isa = XCConfigurationList;
			buildConfigurations = (
				818289C125716BEB00F82286 /* Debug */,
				818289C225716BEB00F82286 /* Release */,
			);
			defaultConfigurationIsVisible = 0;
			defaultConfigurationName = Release;
		};
		818289C325716BEB00F82286 /* Build configuration list for PBXNativeTarget "RealmSampleTests" */ = {
			isa = XCConfigurationList;
			buildConfigurations = (
				818289C425716BEB00F82286 /* Debug */,
				818289C525716BEB00F82286 /* Release */,
			);
			defaultConfigurationIsVisible = 0;
			defaultConfigurationName = Release;
		};
		818289C625716BEB00F82286 /* Build configuration list for PBXNativeTarget "RealmSampleUITests" */ = {
			isa = XCConfigurationList;
			buildConfigurations = (
				818289C725716BEB00F82286 /* Debug */,
				818289C825716BEB00F82286 /* Release */,
			);
			defaultConfigurationIsVisible = 0;
			defaultConfigurationName = Release;
		};
/* End XCConfigurationList section */
	};
	rootObject = 8182899325716BE800F82286 /* Project object */;
}
